[[package]]
name = "expressi"
version = "0.1.0"
dependencies = [
 "peg 0.5.4 (registry+https://github.com/rust-lang/crates.io-index)",
]

[[package]]
name = "peg"
version = "0.5.4"
source = "registry+https://github.com/rust-lang/crates.io-index"
dependencies = [
 "quote 0.3.15 (registry+https://github.com/rust-lang/crates.io-index)",
]

[[package]]
name = "quote"
version = "0.3.15"
source = "registry+https://github.com/rust-lang/crates.io-index"

[metadata]
"checksum peg 0.5.4 (registry+https://github.com/rust-lang/crates.io-index)" = "36a474cba42744afe0f223e9d4263594b3387f172e512259c72d2011e477c4fb"
"checksum quote 0.3.15 (registry+https://github.com/rust-lang/crates.io-index)" = "7a6e920b65c65f10b2ae65c831a81a073a89edd28c7cce89475bff467ab4167a"
